<?xml version="1.0" encoding="utf-8"?>
<Project ToolsVersion="4.0" xmlns="http://schemas.microsoft.com/developer/msbuild/2003">
  <ItemGroup>
    <Filter Include="Source Files">
      <UniqueIdentifier>{4FC737F1-C7A5-4376-A066-2A32D752A2FF}</UniqueIdentifier>
      <Extensions>cpp;c;cc;cxx;def;odl;idl;hpj;bat;asm;asmx</Extensions>
    </Filter>
    <Filter Include="Tests">
      <UniqueIdentifier>{7e9dd8ac-85c2-4927-b6d1-f38dd3713658}</UniqueIdentifier>
    </Filter>
    <Filter Include="Graphics">
      <UniqueIdentifier>{c0526495-7746-4218-8c3c-5530ce08b614}</UniqueIdentifier>
    </Filter>
    <Filter Include="Core">
      <UniqueIdentifier>{78b5f97e-34b6-45ed-92ed-0fbdbdbba700}</UniqueIdentifier>
    </Filter>
    <Filter Include="Core\Header Files">
      <UniqueIdentifier>{93995380-89BD-4b04-88EB-625FBE52EBFB}</UniqueIdentifier>
      <Extensions>h;hh;hpp;hxx;hm;inl;inc;ipp;xsd</Extensions>
    </Filter>
    <Filter Include="Tests\Header Files">
      <UniqueIdentifier>{d39863fc-d2de-4b20-a17c-516da4e68ef1}</UniqueIdentifier>
    </Filter>
  </ItemGroup>
  <ItemGroup>
    <ClCompile Include="main.cpp">
      <Filter>Source Files</Filter>
    </ClCompile>
    <ClCompile Include="tests.cpp">
      <Filter>Tests</Filter>
    </ClCompile>
    <ClCompile Include="tests_matrix.cpp">
      <Filter>Tests</Filter>
    </ClCompile>
    <ClCompile Include="tests_ray.cpp">
      <Filter>Tests</Filter>
    </ClCompile>
    <ClCompile Include="..\lib\ray-tracer-core\Mathf.cpp">
      <Filter>Core</Filter>
    </ClCompile>
    <ClCompile Include="..\lib\ray-tracer-core\Point3D.cpp">
      <Filter>Core</Filter>
    </ClCompile>
    <ClCompile Include="..\lib\ray-tracer-core\Projectile.cpp">
      <Filter>Core</Filter>
    </ClCompile>
    <ClCompile Include="..\lib\ray-tracer-core\Ray3D.cpp">
      <Filter>Core</Filter>
    </ClCompile>
    <ClCompile Include="..\lib\ray-tracer-core\RayTracer.cpp">
      <Filter>Core</Filter>
    </ClCompile>
    <ClCompile Include="..\lib\graphics\Color.cpp">
      <Filter>Core</Filter>
    </ClCompile>
    <ClCompile Include="..\lib\graphics\ColorRgba.cpp">
      <Filter>Core</Filter>
    </ClCompile>
    <ClCompile Include="..\lib\ray-tracer-core\Intersection.cpp">
      <Filter>Core</Filter>
    </ClCompile>
    <ClCompile Include="..\lib\ray-tracer-core\Sphere3D.cpp">
      <Filter>Core</Filter>
    </ClCompile>
    <ClCompile Include="..\lib\ray-tracer-core\Vector3D.cpp">
      <Filter>Core</Filter>
    </ClCompile>
    <ClCompile Include="..\lib\graphics\SDLCanvas.cpp">
      <Filter>Graphics</Filter>
    </ClCompile>
    <ClCompile Include="..\lib\graphics\SDLWindowRenderer.cpp">
      <Filter>Graphics</Filter>
    </ClCompile>
    <ClCompile Include="tests_color.cpp">
      <Filter>Tests</Filter>
    </ClCompile>
    <ClCompile Include="..\lib\ray-tracer-core\Light3D.cpp">
      <Filter>Core</Filter>
    </ClCompile>
    <ClCompile Include="tests_light.cpp">
      <Filter>Tests</Filter>
    </ClCompile>
    <ClCompile Include="..\lib\ray-tracer-core\Color3D.cpp">
      <Filter>Core</Filter>
    </ClCompile>
  </ItemGroup>
  <ItemGroup>
    <ClInclude Include="..\lib\graphics\SDLCanvas.h">
      <Filter>Graphics</Filter>
    </ClInclude>
    <ClInclude Include="..\lib\graphics\SDLWindowRenderer.h">
      <Filter>Graphics</Filter>
    </ClInclude>
    <ClInclude Include="..\lib\graphics\Canvas.h">
      <Filter>Graphics</Filter>
    </ClInclude>
    <ClInclude Include="..\lib\graphics\Color.h">
      <Filter>Core\Header Files</Filter>
    </ClInclude>
    <ClInclude Include="..\lib\graphics\ColorRgba.h">
      <Filter>Core\Header Files</Filter>
    </ClInclude>
    <ClInclude Include="..\lib\ray-tracer-core\Environment.h">
      <Filter>Core\Header Files</Filter>
    </ClInclude>
    <ClInclude Include="..\lib\ray-tracer-core\Intersection.h">
      <Filter>Core\Header Files</Filter>
    </ClInclude>
    <ClInclude Include="..\lib\ray-tracer-core\Light3D.h">
      <Filter>Core\Header Files</Filter>
    </ClInclude>
    <ClInclude Include="..\lib\ray-tracer-core\Mathf.h">
      <Filter>Core\Header Files</Filter>
    </ClInclude>
    <ClInclude Include="..\lib\ray-tracer-core\Matrix.hpp">
      <Filter>Core\Header Files</Filter>
    </ClInclude>
    <ClInclude Include="..\lib\ray-tracer-core\Object3D.h">
      <Filter>Core\Header Files</Filter>
    </ClInclude>
    <ClInclude Include="..\lib\ray-tracer-core\MatrixTransform.hpp">
      <Filter>Core\Header Files</Filter>
    </ClInclude>
    <ClInclude Include="..\lib\ray-tracer-core\MatrixOps.hpp">
      <Filter>Core\Header Files</Filter>
    </ClInclude>
    <ClInclude Include="..\lib\ray-tracer-core\Point3D.h">
      <Filter>Core\Header Files</Filter>
    </ClInclude>
    <ClInclude Include="..\lib\ray-tracer-core\Primitive3D.h">
      <Filter>Core\Header Files</Filter>
    </ClInclude>
    <ClInclude Include="..\lib\ray-tracer-core\Projectile.h">
      <Filter>Core\Header Files</Filter>
    </ClInclude>
    <ClInclude Include="..\lib\ray-tracer-core\Ray3D.h">
      <Filter>Core\Header Files</Filter>
    </ClInclude>
    <ClInclude Include="..\lib\ray-tracer-core\RayTracer.h">
      <Filter>Core\Header Files</Filter>
    </ClInclude>
    <ClInclude Include="..\lib\ray-tracer-core\Sphere3D.h">
      <Filter>Core\Header Files</Filter>
    </ClInclude>
    <ClInclude Include="..\lib\ray-tracer-core\Vector3D.h">
      <Filter>Core\Header Files</Filter>
    </ClInclude>
    <ClInclude Include="tests.h">
      <Filter>Tests\Header Files</Filter>
    </ClInclude>
    <ClInclude Include="..\lib\ray-tracer-core\Material.h">
      <Filter>Core\Header Files</Filter>
    </ClInclude>
    <ClInclude Include="..\lib\ray-tracer-core\Color3D.h">
      <Filter>Core\Header Files</Filter>
    </ClInclude>
  </ItemGroup>
</Project>