<?xml version="1.0" encoding="utf-8"?>
<Project ToolsVersion="4.0" xmlns="http://schemas.microsoft.com/developer/msbuild/2003">
  <ItemGroup>
    <Filter Include="Source Files">
      <UniqueIdentifier>{4FC737F1-C7A5-4376-A066-2A32D752A2FF}</UniqueIdentifier>
      <Extensions>cpp;c;cc;cxx;def;odl;idl;hpj;bat;asm;asmx</Extensions>
    </Filter>
    <Filter Include="Tests">
      <UniqueIdentifier>{7e9dd8ac-85c2-4927-b6d1-f38dd3713658}</UniqueIdentifier>
    </Filter>
    <Filter Include="Graphics">
      <UniqueIdentifier>{c0526495-7746-4218-8c3c-5530ce08b614}</UniqueIdentifier>
    </Filter>
    <Filter Include="Core">
      <UniqueIdentifier>{78b5f97e-34b6-45ed-92ed-0fbdbdbba700}</UniqueIdentifier>
    </Filter>
    <Filter Include="Core\Header Files">
      <UniqueIdentifier>{93995380-89BD-4b04-88EB-625FBE52EBFB}</UniqueIdentifier>
      <Extensions>h;hh;hpp;hxx;hm;inl;inc;ipp;xsd</Extensions>
    </Filter>
    <Filter Include="Tests\Header Files">
      <UniqueIdentifier>{d39863fc-d2de-4b20-a17c-516da4e68ef1}</UniqueIdentifier>
    </Filter>
    <Filter Include="Graphics\Header Files">
      <UniqueIdentifier>{60c5fdd9-8725-4b78-9e13-9dde1f5127d0}</UniqueIdentifier>
    </Filter>
  </ItemGroup>
  <ItemGroup>
    <ClCompile Include="main.cpp">
      <Filter>Source Files</Filter>
    </ClCompile>
    <ClCompile Include="tests.cpp">
      <Filter>Tests</Filter>
    </ClCompile>
    <ClCompile Include="tests_matrix.cpp">
      <Filter>Tests</Filter>
    </ClCompile>
    <ClCompile Include="tests_ray.cpp">
      <Filter>Tests</Filter>
    </ClCompile>
    <ClCompile Include="..\lib\Point3D.cpp">
      <Filter>Core</Filter>
    </ClCompile>
    <ClCompile Include="..\lib\Projectile.cpp">
      <Filter>Core</Filter>
    </ClCompile>
    <ClCompile Include="..\lib\Ray3D.cpp">
      <Filter>Core</Filter>
    </ClCompile>
    <ClCompile Include="..\lib\Intersection.cpp">
      <Filter>Core</Filter>
    </ClCompile>
    <ClCompile Include="..\lib\Vector3D.cpp">
      <Filter>Core</Filter>
    </ClCompile>
    <ClCompile Include="SDLCanvas.cpp">
      <Filter>Graphics</Filter>
    </ClCompile>
    <ClCompile Include="SDLWindowRenderer.cpp">
      <Filter>Graphics</Filter>
    </ClCompile>
    <ClCompile Include="tests_color.cpp">
      <Filter>Tests</Filter>
    </ClCompile>
    <ClCompile Include="..\lib\Light3D.cpp">
      <Filter>Core</Filter>
    </ClCompile>
    <ClCompile Include="tests_light.cpp">
      <Filter>Tests</Filter>
    </ClCompile>
    <ClCompile Include="..\lib\Color3D.cpp">
      <Filter>Core</Filter>
    </ClCompile>
    <ClCompile Include="..\lib\Material.cpp">
      <Filter>Core</Filter>
    </ClCompile>
    <ClCompile Include="..\lib\RayTracer.cpp">
      <Filter>Core</Filter>
    </ClCompile>
    <ClCompile Include="Color.cpp">
      <Filter>Graphics</Filter>
    </ClCompile>
    <ClCompile Include="ColorRgba.cpp">
      <Filter>Graphics</Filter>
    </ClCompile>
    <ClCompile Include="examples.cpp">
      <Filter>Source Files</Filter>
    </ClCompile>
    <ClCompile Include="tests_scene.cpp">
      <Filter>Tests</Filter>
    </ClCompile>
    <ClCompile Include="tests_normal.cpp">
      <Filter>Tests</Filter>
    </ClCompile>
    <ClCompile Include="..\lib\Object3D.cpp">
      <Filter>Core</Filter>
    </ClCompile>
    <ClCompile Include="..\lib\Computation.cpp">
      <Filter>Core</Filter>
    </ClCompile>
    <ClCompile Include="..\lib\Shape3D.cpp">
      <Filter>Core</Filter>
    </ClCompile>
    <ClCompile Include="..\lib\Sphere3D.cpp">
      <Filter>Core</Filter>
    </ClCompile>
    <ClCompile Include="test_camera.cpp">
      <Filter>Tests</Filter>
    </ClCompile>
    <ClCompile Include="..\lib\Camera.cpp">
      <Filter>Core</Filter>
    </ClCompile>
  </ItemGroup>
  <ItemGroup>
    <ClInclude Include="..\lib\Environment.h">
      <Filter>Core\Header Files</Filter>
    </ClInclude>
    <ClInclude Include="..\lib\Intersection.h">
      <Filter>Core\Header Files</Filter>
    </ClInclude>
    <ClInclude Include="..\lib\Light3D.h">
      <Filter>Core\Header Files</Filter>
    </ClInclude>
    <ClInclude Include="..\lib\Mathf.h">
      <Filter>Core\Header Files</Filter>
    </ClInclude>
    <ClInclude Include="..\lib\Matrix.hpp">
      <Filter>Core\Header Files</Filter>
    </ClInclude>
    <ClInclude Include="..\lib\Object3D.h">
      <Filter>Core\Header Files</Filter>
    </ClInclude>
    <ClInclude Include="..\lib\MatrixTransform.hpp">
      <Filter>Core\Header Files</Filter>
    </ClInclude>
    <ClInclude Include="..\lib\MatrixOps.hpp">
      <Filter>Core\Header Files</Filter>
    </ClInclude>
    <ClInclude Include="..\lib\Point3D.h">
      <Filter>Core\Header Files</Filter>
    </ClInclude>
    <ClInclude Include="..\lib\Primitive3D.h">
      <Filter>Core\Header Files</Filter>
    </ClInclude>
    <ClInclude Include="..\lib\Projectile.h">
      <Filter>Core\Header Files</Filter>
    </ClInclude>
    <ClInclude Include="..\lib\Ray3D.h">
      <Filter>Core\Header Files</Filter>
    </ClInclude>
    <ClInclude Include="..\lib\RayTracer.h">
      <Filter>Core\Header Files</Filter>
    </ClInclude>
    <ClInclude Include="..\lib\Sphere3D.h">
      <Filter>Core\Header Files</Filter>
    </ClInclude>
    <ClInclude Include="..\lib\Vector3D.h">
      <Filter>Core\Header Files</Filter>
    </ClInclude>
    <ClInclude Include="tests.h">
      <Filter>Tests\Header Files</Filter>
    </ClInclude>
    <ClInclude Include="..\lib\Material.h">
      <Filter>Core\Header Files</Filter>
    </ClInclude>
    <ClInclude Include="..\lib\Color3D.h">
      <Filter>Core\Header Files</Filter>
    </ClInclude>
    <ClInclude Include="..\lib\Canvas.h">
      <Filter>Core\Header Files</Filter>
    </ClInclude>
    <ClInclude Include="..\lib\Shape3D.h">
      <Filter>Core\Header Files</Filter>
    </ClInclude>
    <ClInclude Include="Color.h">
      <Filter>Graphics\Header Files</Filter>
    </ClInclude>
    <ClInclude Include="ColorRgba.h">
      <Filter>Graphics\Header Files</Filter>
    </ClInclude>
    <ClInclude Include="SDLCanvas.h">
      <Filter>Graphics\Header Files</Filter>
    </ClInclude>
    <ClInclude Include="SDLWindowRenderer.h">
      <Filter>Graphics\Header Files</Filter>
    </ClInclude>
    <ClInclude Include="examples.h">
      <Filter>Source Files</Filter>
    </ClInclude>
    <ClInclude Include="..\lib\Scene3D.h">
      <Filter>Core\Header Files</Filter>
    </ClInclude>
    <ClInclude Include="..\lib\Computation.h">
      <Filter>Core\Header Files</Filter>
    </ClInclude>
    <ClInclude Include="..\lib\Camera.h">
      <Filter>Core\Header Files</Filter>
    </ClInclude>
  </ItemGroup>
</Project>